// !$*UTF8*$!
{
	archiveVersion = 1;
	classes = {
	};
	objectVersion = 46;
	objects = {

/* Begin PBXBuildFile section */
		D443D8DD1832BDC700B747EE /* Foundation.framework in Frameworks */ = {isa = PBXBuildFile; fileRef = D443D8DC1832BDC700B747EE /* Foundation.framework */; };
		D443D8DF1832BDC700B747EE /* CoreGraphics.framework in Frameworks */ = {isa = PBXBuildFile; fileRef = D443D8DE1832BDC700B747EE /* CoreGraphics.framework */; };
		D443D8E11832BDC700B747EE /* UIKit.framework in Frameworks */ = {isa = PBXBuildFile; fileRef = D443D8E01832BDC700B747EE /* UIKit.framework */; };
		D443D8E71832BDC700B747EE /* InfoPlist.strings in Resources */ = {isa = PBXBuildFile; fileRef = D443D8E51832BDC700B747EE /* InfoPlist.strings */; };
		D443D8E91832BDC700B747EE /* main.m in Sources */ = {isa = PBXBuildFile; fileRef = D443D8E81832BDC700B747EE /* main.m */; };
		D443D8ED1832BDC700B747EE /* JWAppDelegate.m in Sources */ = {isa = PBXBuildFile; fileRef = D443D8EC1832BDC700B747EE /* JWAppDelegate.m */; };
		D443D8F01832BDC700B747EE /* Main.storyboard in Resources */ = {isa = PBXBuildFile; fileRef = D443D8EE1832BDC700B747EE /* Main.storyboard */; };
		D443D8F31832BDC700B747EE /* JWViewController.m in Sources */ = {isa = PBXBuildFile; fileRef = D443D8F21832BDC700B747EE /* JWViewController.m */; };
		D443D8F51832BDC700B747EE /* Images.xcassets in Resources */ = {isa = PBXBuildFile; fileRef = D443D8F41832BDC700B747EE /* Images.xcassets */; };
		D443D8FC1832BDC700B747EE /* XCTest.framework in Frameworks */ = {isa = PBXBuildFile; fileRef = D443D8FB1832BDC700B747EE /* XCTest.framework */; };
		D443D8FD1832BDC700B747EE /* Foundation.framework in Frameworks */ = {isa = PBXBuildFile; fileRef = D443D8DC1832BDC700B747EE /* Foundation.framework */; };
		D443D8FE1832BDC700B747EE /* UIKit.framework in Frameworks */ = {isa = PBXBuildFile; fileRef = D443D8E01832BDC700B747EE /* UIKit.framework */; };
		D443D9061832BDC700B747EE /* InfoPlist.strings in Resources */ = {isa = PBXBuildFile; fileRef = D443D9041832BDC700B747EE /* InfoPlist.strings */; };
		D443D9081832BDC700B747EE /* LockDemoTests.m in Sources */ = {isa = PBXBuildFile; fileRef = D443D9071832BDC700B747EE /* LockDemoTests.m */; };
/* End PBXBuildFile section */

/* Begin PBXContainerItemProxy section */
		D443D8FF1832BDC700B747EE /* PBXContainerItemProxy */ = {
			isa = PBXContainerItemProxy;
			containerPortal = D443D8D11832BDC700B747EE /* Project object */;
			proxyType = 1;
			remoteGlobalIDString = D443D8D81832BDC700B747EE;
			remoteInfo = LockDemo;
		};
/* End PBXContainerItemProxy section */

/* Begin PBXFileReference section */
		D443D8D91832BDC700B747EE /* LockDemo.app */ = {isa = PBXFileReference; explicitFileType = wrapper.application; includeInIndex = 0; path = LockDemo.app; sourceTree = BUILT_PRODUCTS_DIR; };
		D443D8DC1832BDC700B747EE /* Foundation.framework */ = {isa = PBXFileReference; lastKnownFileType = wrapper.framework; name = Foundation.framework; path = System/Library/Frameworks/Foundation.framework; sourceTree = SDKROOT; };
		D443D8DE1832BDC700B747EE /* CoreGraphics.framework */ = {isa = PBXFileReference; lastKnownFileType = wrapper.framework; name = CoreGraphics.framework; path = System/Library/Frameworks/CoreGraphics.framework; sourceTree = SDKROOT; };
		D443D8E01832BDC700B747EE /* UIKit.framework */ = {isa = PBXFileReference; lastKnownFileType = wrapper.framework; name = UIKit.framework; path = System/Library/Frameworks/UIKit.framework; sourceTree = SDKROOT; };
		D443D8E41832BDC700B747EE /* LockDemo-Info.plist */ = {isa = PBXFileReference; lastKnownFileType = text.plist.xml; path = "LockDemo-Info.plist"; sourceTree = "<group>"; };
		D443D8E61832BDC700B747EE /* en */ = {isa = PBXFileReference; lastKnownFileType = text.plist.strings; name = en; path = en.lproj/InfoPlist.strings; sourceTree = "<group>"; };
		D443D8E81832BDC700B747EE /* main.m */ = {isa = PBXFileReference; lastKnownFileType = sourcecode.c.objc; path = main.m; sourceTree = "<group>"; };
		D443D8EA1832BDC700B747EE /* LockDemo-Prefix.pch */ = {isa = PBXFileReference; lastKnownFileType = sourcecode.c.h; path = "LockDemo-Prefix.pch"; sourceTree = "<group>"; };
		D443D8EB1832BDC700B747EE /* JWAppDelegate.h */ = {isa = PBXFileReference; lastKnownFileType = sourcecode.c.h; path = JWAppDelegate.h; sourceTree = "<group>"; };
		D443D8EC1832BDC700B747EE /* JWAppDelegate.m */ = {isa = PBXFileReference; lastKnownFileType = sourcecode.c.objc; path = JWAppDelegate.m; sourceTree = "<group>"; };
		D443D8EF1832BDC700B747EE /* Base */ = {isa = PBXFileReference; lastKnownFileType = file.storyboard; name = Base; path = Base.lproj/Main.storyboard; sourceTree = "<group>"; };
		D443D8F11832BDC700B747EE /* JWViewController.h */ = {isa = PBXFileReference; lastKnownFileType = sourcecode.c.h; path = JWViewController.h; sourceTree = "<group>"; };
		D443D8F21832BDC700B747EE /* JWViewController.m */ = {isa = PBXFileReference; lastKnownFileType = sourcecode.c.objc; path = JWViewController.m; sourceTree = "<group>"; };
		D443D8F41832BDC700B747EE /* Images.xcassets */ = {isa = PBXFileReference; lastKnownFileType = folder.assetcatalog; path = Images.xcassets; sourceTree = "<group>"; };
		D443D8FA1832BDC700B747EE /* LockDemoTests.xctest */ = {isa = PBXFileReference; explicitFileType = wrapper.cfbundle; includeInIndex = 0; path = LockDemoTests.xctest; sourceTree = BUILT_PRODUCTS_DIR; };
		D443D8FB1832BDC700B747EE /* XCTest.framework */ = {isa = PBXFileReference; lastKnownFileType = wrapper.framework; name = XCTest.framework; path = Library/Frameworks/XCTest.framework; sourceTree = DEVELOPER_DIR; };
		D443D9031832BDC700B747EE /* LockDemoTests-Info.plist */ = {isa = PBXFileReference; lastKnownFileType = text.plist.xml; path = "LockDemoTests-Info.plist"; sourceTree = "<group>"; };
		D443D9051832BDC700B747EE /* en */ = {isa = PBXFileReference; lastKnownFileType = text.plist.strings; name = en; path = en.lproj/InfoPlist.strings; sourceTree = "<group>"; };
		D443D9071832BDC700B747EE /* LockDemoTests.m */ = {isa = PBXFileReference; lastKnownFileType = sourcecode.c.objc; path = LockDemoTests.m; sourceTree = "<group>"; };
/* End PBXFileReference section */

/* Begin PBXFrameworksBuildPhase section */
		D443D8D61832BDC700B747EE /* Frameworks */ = {
			isa = PBXFrameworksBuildPhase;
			buildActionMask = 2147483647;
			files = (
				D443D8DF1832BDC700B747EE /* CoreGraphics.framework in Frameworks */,
				D443D8E11832BDC700B747EE /* UIKit.framework in Frameworks */,
				D443D8DD1832BDC700B747EE /* Foundation.framework in Frameworks */,
			);
			runOnlyForDeploymentPostprocessing = 0;
		};
		D443D8F71832BDC700B747EE /* Frameworks */ = {
			isa = PBXFrameworksBuildPhase;
			buildActionMask = 2147483647;
			files = (
				D443D8FC1832BDC700B747EE /* XCTest.framework in Frameworks */,
				D443D8FE1832BDC700B747EE /* UIKit.framework in Frameworks */,
				D443D8FD1832BDC700B747EE /* Foundation.framework in Frameworks */,
			);
			runOnlyForDeploymentPostprocessing = 0;
		};
/* End PBXFrameworksBuildPhase section */

/* Begin PBXGroup section */
		D443D8D01832BDC700B747EE = {
			isa = PBXGroup;
			children = (
				D443D8E21832BDC700B747EE /* LockDemo */,
				D443D9011832BDC700B747EE /* LockDemoTests */,
				D443D8DB1832BDC700B747EE /* Frameworks */,
				D443D8DA1832BDC700B747EE /* Products */,
			);
			sourceTree = "<group>";
		};
		D443D8DA1832BDC700B747EE /* Products */ = {
			isa = PBXGroup;
			children = (
				D443D8D91832BDC700B747EE /* LockDemo.app */,
				D443D8FA1832BDC700B747EE /* LockDemoTests.xctest */,
			);
			name = Products;
			sourceTree = "<group>";
		};
		D443D8DB1832BDC700B747EE /* Frameworks */ = {
			isa = PBXGroup;
			children = (
				D443D8DC1832BDC700B747EE /* Foundation.framework */,
				D443D8DE1832BDC700B747EE /* CoreGraphics.framework */,
				D443D8E01832BDC700B747EE /* UIKit.framework */,
				D443D8FB1832BDC700B747EE /* XCTest.framework */,
			);
			name = Frameworks;
			sourceTree = "<group>";
		};
		D443D8E21832BDC700B747EE /* LockDemo */ = {
			isa = PBXGroup;
			children = (
				D443D8EB1832BDC700B747EE /* JWAppDelegate.h */,
				D443D8EC1832BDC700B747EE /* JWAppDelegate.m */,
				D443D8EE1832BDC700B747EE /* Main.storyboard */,
				D443D8F11832BDC700B747EE /* JWViewController.h */,
				D443D8F21832BDC700B747EE /* JWViewController.m */,
				D443D8F41832BDC700B747EE /* Images.xcassets */,
				D443D8E31832BDC700B747EE /* Supporting Files */,
			);
			path = LockDemo;
			sourceTree = "<group>";
		};
		D443D8E31832BDC700B747EE /* Supporting Files */ = {
			isa = PBXGroup;
			children = (
				D443D8E41832BDC700B747EE /* LockDemo-Info.plist */,
				D443D8E51832BDC700B747EE /* InfoPlist.strings */,
				D443D8E81832BDC700B747EE /* main.m */,
				D443D8EA1832BDC700B747EE /* LockDemo-Prefix.pch */,
			);
			name = "Supporting Files";
			sourceTree = "<group>";
		};
		D443D9011832BDC700B747EE /* LockDemoTests */ = {
			isa = PBXGroup;
			children = (
				D443D9071832BDC700B747EE /* LockDemoTests.m */,
				D443D9021832BDC700B747EE /* Supporting Files */,
			);
			path = LockDemoTests;
			sourceTree = "<group>";
		};
		D443D9021832BDC700B747EE /* Supporting Files */ = {
			isa = PBXGroup;
			children = (
				D443D9031832BDC700B747EE /* LockDemoTests-Info.plist */,
				D443D9041832BDC700B747EE /* InfoPlist.strings */,
			);
			name = "Supporting Files";
			sourceTree = "<group>";
		};
/* End PBXGroup section */

/* Begin PBXNativeTarget section */
		D443D8D81832BDC700B747EE /* LockDemo */ = {
			isa = PBXNativeTarget;
			buildConfigurationList = D443D90B1832BDC700B747EE /* Build configuration list for PBXNativeTarget "LockDemo" */;
			buildPhases = (
				D443D8D51832BDC700B747EE /* Sources */,
				D443D8D61832BDC700B747EE /* Frameworks */,
				D443D8D71832BDC700B747EE /* Resources */,
			);
			buildRules = (
			);
			dependencies = (
			);
			name = LockDemo;
			productName = LockDemo;
			productReference = D443D8D91832BDC700B747EE /* LockDemo.app */;
			productType = "com.apple.product-type.application";
		};
		D443D8F91832BDC700B747EE /* LockDemoTests */ = {
			isa = PBXNativeTarget;
			buildConfigurationList = D443D90E1832BDC700B747EE /* Build configuration list for PBXNativeTarget "LockDemoTests" */;
			buildPhases = (
				D443D8F61832BDC700B747EE /* Sources */,
				D443D8F71832BDC700B747EE /* Frameworks */,
				D443D8F81832BDC700B747EE /* Resources */,
			);
			buildRules = (
			);
			dependencies = (
				D443D9001832BDC700B747EE /* PBXTargetDependency */,
			);
			name = LockDemoTests;
			productName = LockDemoTests;
			productReference = D443D8FA1832BDC700B747EE /* LockDemoTests.xctest */;
			productType = "com.apple.product-type.bundle.unit-test";
		};
/* End PBXNativeTarget section */

/* Begin PBXProject section */
		D443D8D11832BDC700B747EE /* Project object */ = {
			isa = PBXProject;
			attributes = {
				CLASSPREFIX = JW;
				LastUpgradeCheck = 0500;
				ORGANIZATIONNAME = yourcompany;
				TargetAttributes = {
					D443D8F91832BDC700B747EE = {
						TestTargetID = D443D8D81832BDC700B747EE;
					};
				};
			};
			buildConfigurationList = D443D8D41832BDC700B747EE /* Build configuration list for PBXProject "LockDemo" */;
			compatibilityVersion = "Xcode 3.2";
			developmentRegion = English;
			hasScannedForEncodings = 0;
			knownRegions = (
				en,
				Base,
			);
			mainGroup = D443D8D01832BDC700B747EE;
			productRefGroup = D443D8DA1832BDC700B747EE /* Products */;
			projectDirPath = "";
			projectRoot = "";
			targets = (
				D443D8D81832BDC700B747EE /* LockDemo */,
				D443D8F91832BDC700B747EE /* LockDemoTests */,
			);
		};
/* End PBXProject section */

/* Begin PBXResourcesBuildPhase section */
		D443D8D71832BDC700B747EE /* Resources */ = {
			isa = PBXResourcesBuildPhase;
			buildActionMask = 2147483647;
			files = (
				D443D8F51832BDC700B747EE /* Images.xcassets in Resources */,
				D443D8E71832BDC700B747EE /* InfoPlist.strings in Resources */,
				D443D8F01832BDC700B747EE /* Main.storyboard in Resources */,
			);
			runOnlyForDeploymentPostprocessing = 0;
		};
		D443D8F81832BDC700B747EE /* Resources */ = {
			isa = PBXResourcesBuildPhase;
			buildActionMask = 2147483647;
			files = (
				D443D9061832BDC700B747EE /* InfoPlist.strings in Resources */,
			);
			runOnlyForDeploymentPostprocessing = 0;
		};
/* End PBXResourcesBuildPhase section */

/* Begin PBXSourcesBuildPhase section */
		D443D8D51832BDC700B747EE /* Sources */ = {
			isa = PBXSourcesBuildPhase;
			buildActionMask = 2147483647;
			files = (
				D443D8E91832BDC700B747EE /* main.m in Sources */,
				D443D8F31832BDC700B747EE /* JWViewController.m in Sources */,
				D443D8ED1832BDC700B747EE /* JWAppDelegate.m in Sources */,
			);
			runOnlyForDeploymentPostprocessing = 0;
		};
		D443D8F61832BDC700B747EE /* Sources */ = {
			isa = PBXSourcesBuildPhase;
			buildActionMask = 2147483647;
			files = (
				D443D9081832BDC700B747EE /* LockDemoTests.m in Sources */,
			);
			runOnlyForDeploymentPostprocessing = 0;
		};
/* End PBXSourcesBuildPhase section */

/* Begin PBXTargetDependency section */
		D443D9001832BDC700B747EE /* PBXTargetDependency */ = {
			isa = PBXTargetDependency;
			target = D443D8D81832BDC700B747EE /* LockDemo */;
			targetProxy = D443D8FF1832BDC700B747EE /* PBXContainerItemProxy */;
		};
/* End PBXTargetDependency section */

/* Begin PBXVariantGroup section */
		D443D8E51832BDC700B747EE /* InfoPlist.strings */ = {
			isa = PBXVariantGroup;
			children = (
				D443D8E61832BDC700B747EE /* en */,
			);
			name = InfoPlist.strings;
			sourceTree = "<group>";
		};
		D443D8EE1832BDC700B747EE /* Main.storyboard */ = {
			isa = PBXVariantGroup;
			children = (
				D443D8EF1832BDC700B747EE /* Base */,
			);
			name = Main.storyboard;
			sourceTree = "<group>";
		};
		D443D9041832BDC700B747EE /* InfoPlist.strings */ = {
			isa = PBXVariantGroup;
			children = (
				D443D9051832BDC700B747EE /* en */,
			);
			name = InfoPlist.strings;
			sourceTree = "<group>";
		};
/* End PBXVariantGroup section */

/* Begin XCBuildConfiguration section */
		D443D9091832BDC700B747EE /* Debug */ = {
			isa = XCBuildConfiguration;
			buildSettings = {
				ALWAYS_SEARCH_USER_PATHS = NO;
				ARCHS = "$(ARCHS_STANDARD_INCLUDING_64_BIT)";
				CLANG_CXX_LANGUAGE_STANDARD = "gnu++0x";
				CLANG_CXX_LIBRARY = "libc++";
				CLANG_ENABLE_MODULES = YES;
				CLANG_ENABLE_OBJC_ARC = YES;
				CLANG_WARN_BOOL_CONVERSION = YES;
				CLANG_WARN_CONSTANT_CONVERSION = YES;
				CLANG_WARN_DIRECT_OBJC_ISA_USAGE = YES_ERROR;
				CLANG_WARN_EMPTY_BODY = YES;
				CLANG_WARN_ENUM_CONVERSION = YES;
				CLANG_WARN_INT_CONVERSION = YES;
				CLANG_WARN_OBJC_ROOT_CLASS = YES_ERROR;
				CLANG_WARN__DUPLICATE_METHOD_MATCH = YES;
				"CODE_SIGN_IDENTITY[sdk=iphoneos*]" = "iPhone Developer";
				COPY_PHASE_STRIP = NO;
				GCC_C_LANGUAGE_STANDARD = gnu99;
				GCC_DYNAMIC_NO_PIC = NO;
				GCC_OPTIMIZATION_LEVEL = 0;
				GCC_PREPROCESSOR_DEFINITIONS = (
					"DEBUG=1",
					"$(inherited)",
				);
				GCC_SYMBOLS_PRIVATE_EXTERN = NO;
				GCC_WARN_64_TO_32_BIT_CONVERSION = YES;
				GCC_WARN_ABOUT_RETURN_TYPE = YES_ERROR;
				GCC_WARN_UNDECLARED_SELECTOR = YES;
				GCC_WARN_UNINITIALIZED_AUTOS = YES;
				GCC_WARN_UNUSED_FUNCTION = YES;
				GCC_WARN_UNUSED_VARIABLE = YES;
				IPHONEOS_DEPLOYMENT_TARGET = 7.0;
				ONLY_ACTIVE_ARCH = YES;
				SDKROOT = iphoneos;
			};
			name = Debug;
		};
		D443D90A1832BDC700B747EE /* Release */ = {
			isa = XCBuildConfiguration;
			buildSettings = {
				ALWAYS_SEARCH_USER_PATHS = NO;
				ARCHS = "$(ARCHS_STANDARD_INCLUDING_64_BIT)";
				CLANG_CXX_LANGUAGE_STANDARD = "gnu++0x";
				CLANG_CXX_LIBRARY = "libc++";
				CLANG_ENABLE_MODULES = YES;
				CLANG_ENABLE_OBJC_ARC = YES;
				CLANG_WARN_BOOL_CONVERSION = YES;
				CLANG_WARN_CONSTANT_CONVERSION = YES;
				CLANG_WARN_DIRECT_OBJC_ISA_USAGE = YES_ERROR;
				CLANG_WARN_EMPTY_BODY = YES;
				CLANG_WARN_ENUM_CONVERSION = YES;
				CLANG_WARN_INT_CONVERSION = YES;
				CLANG_WARN_OBJC_ROOT_CLASS = YES_ERROR;
				CLANG_WARN__DUPLICATE_METHOD_MATCH = YES;
				"CODE_SIGN_IDENTITY[sdk=iphoneos*]" = "iPhone Developer";
				COPY_PHASE_STRIP = YES;
				ENABLE_NS_ASSERTIONS = NO;
				GCC_C_LANGUAGE_STANDARD = gnu99;
				GCC_WARN_64_TO_32_BIT_CONVERSION = YES;
				GCC_WARN_ABOUT_RETURN_TYPE = YES_ERROR;
				GCC_WARN_UNDECLARED_SELECTOR = YES;
				GCC_WARN_UNINITIALIZED_AUTOS = YES;
				GCC_WARN_UNUSED_FUNCTION = YES;
				GCC_WARN_UNUSED_VARIABLE = YES;
				IPHONEOS_DEPLOYMENT_TARGET = 7.0;
				SDKROOT = iphoneos;
				VALIDATE_PRODUCT = YES;
			};
			name = Release;
		};
		D443D90C1832BDC700B747EE /* Debug */ = {
			isa = XCBuildConfiguration;
			buildSettings = {
				ASSETCATALOG_COMPILER_APPICON_NAME = AppIcon;
				ASSETCATALOG_COMPILER_LAUNCHIMAGE_NAME = LaunchImage;
				GCC_PRECOMPILE_PREFIX_HEADER = YES;
				GCC_PREFIX_HEADER = "LockDemo/LockDemo-Prefix.pch";
				INFOPLIST_FILE = "LockDemo/LockDemo-Info.plist";
				PRODUCT_NAME = "$(TARGET_NAME)";
				WRAPPER_EXTENSION = app;
			};
			name = Debug;
		};
		D443D90D1832BDC700B747EE /* Release */ = {
			isa = XCBuildConfiguration;
			buildSettings = {
				ASSETCATALOG_COMPILER_APPICON_NAME = AppIcon;
				ASSETCATALOG_COMPILER_LAUNCHIMAGE_NAME = LaunchImage;
				GCC_PRECOMPILE_PREFIX_HEADER = YES;
				GCC_PREFIX_HEADER = "LockDemo/LockDemo-Prefix.pch";
				INFOPLIST_FILE = "LockDemo/LockDemo-Info.plist";
				PRODUCT_NAME = "$(TARGET_NAME)";
				WRAPPER_EXTENSION = app;
			};
			name = Release;
		};
		D443D90F1832BDC700B747EE /* Debug */ = {
			isa = XCBuildConfiguration;
			buildSettings = {
				ARCHS = "$(ARCHS_STANDARD_INCLUDING_64_BIT)";
				BUNDLE_LOADER = "$(BUILT_PRODUCTS_DIR)/LockDemo.app/LockDemo";
				FRAMEWORK_SEARCH_PATHS = (
					"$(SDKROOT)/Developer/Library/Frameworks",
					"$(inherited)",
					"$(DEVELOPER_FRAMEWORKS_DIR)",
				);
				GCC_PRECOMPILE_PREFIX_HEADER = YES;
				GCC_PREFIX_HEADER = "LockDemo/LockDemo-Prefix.pch";
				GCC_PREPROCESSOR_DEFINITIONS = (
					"DEBUG=1",
					"$(inherited)",
				);
				INFOPLIST_FILE = "LockDemoTests/LockDemoTests-Info.plist";
				PRODUCT_NAME = "$(TARGET_NAME)";
				TEST_HOST = "$(BUNDLE_LOADER)";
				WRAPPER_EXTENSION = xctest;
			};
			name = Debug;
		};
		D443D9101832BDC700B747EE /* Release */ = {
			isa = XCBuildConfiguration;
			buildSettings = {
				ARCHS = "$(ARCHS_STANDARD_INCLUDING_64_BIT)";
				BUNDLE_LOADER = "$(BUILT_PRODUCTS_DIR)/LockDemo.app/LockDemo";
				FRAMEWORK_SEARCH_PATHS = (
					"$(SDKROOT)/Developer/Library/Frameworks",
					"$(inherited)",
					"$(DEVELOPER_FRAMEWORKS_DIR)",
				);
				GCC_PRECOMPILE_PREFIX_HEADER = YES;
				GCC_PREFIX_HEADER = "LockDemo/LockDemo-Prefix.pch";
				INFOPLIST_FILE = "LockDemoTests/LockDemoTests-Info.plist";
				PRODUCT_NAME = "$(TARGET_NAME)";
				TEST_HOST = "$(BUNDLE_LOADER)";
				WRAPPER_EXTENSION = xctest;
			};
			name = Release;
		};
/* End XCBuildConfiguration section */

/* Begin XCConfigurationList section */
		D443D8D41832BDC700B747EE /* Build configuration list for PBXProject "LockDemo" */ = {
			isa = XCConfigurationList;
			buildConfigurations = (
				D443D9091832BDC700B747EE /* Debug */,
				D443D90A1832BDC700B747EE /* Release */,
			);
			defaultConfigurationIsVisible = 0;
			defaultConfigurationName = Release;
		};
		D443D90B1832BDC700B747EE /* Build configuration list for PBXNativeTarget "LockDemo" */ = {
			isa = XCConfigurationList;
			buildConfigurations = (
				D443D90C1832BDC700B747EE /* Debug */,
				D443D90D1832BDC700B747EE /* Release */,
			);
			defaultConfigurationIsVisible = 0;
		};
		D443D90E1832BDC700B747EE /* Build configuration list for PBXNativeTarget "LockDemoTests" */ = {
			isa = XCConfigurationList;
			buildConfigurations = (
				D443D90F1832BDC700B747EE /* Debug */,
				D443D9101832BDC700B747EE /* Release */,
			);
			defaultConfigurationIsVisible = 0;
		};
/* End XCConfigurationList section */
	};
	rootObject = D443D8D11832BDC700B747EE /* Project object */;
}
